// !$*UTF8*$!
{
	archiveVersion = 1;
	classes = {
	};
	objectVersion = 55;
	objects = {

/* Begin PBXBuildFile section */
		89A83F93289E683F00624100 /* RootNavigationView.swift in Sources */ = {isa = PBXBuildFile; fileRef = 89A83F92289E683F00624100 /* RootNavigationView.swift */; };
		89A83F96289E6DE100624100 /* HomeView.swift in Sources */ = {isa = PBXBuildFile; fileRef = 89A83F95289E6DE100624100 /* HomeView.swift */; };
		89A83F99289E6E1D00624100 /* LocationSelectView.swift in Sources */ = {isa = PBXBuildFile; fileRef = 89A83F98289E6E1D00624100 /* LocationSelectView.swift */; };
		89A83F9D289E6F3900624100 /* SplashView.swift in Sources */ = {isa = PBXBuildFile; fileRef = 89A83F9C289E6F3900624100 /* SplashView.swift */; };
		89A83F9F289E753D00624100 /* AppDelegate.swift in Sources */ = {isa = PBXBuildFile; fileRef = 89A83F9E289E753D00624100 /* AppDelegate.swift */; };
		89C4B7B5289CF233008AD4A6 /* FoodAppApp.swift in Sources */ = {isa = PBXBuildFile; fileRef = 89C4B7B4289CF233008AD4A6 /* FoodAppApp.swift */; };
		89C4B7B7289CF233008AD4A6 /* ContentView.swift in Sources */ = {isa = PBXBuildFile; fileRef = 89C4B7B6289CF233008AD4A6 /* ContentView.swift */; };
		89C4B7B9289CF234008AD4A6 /* Assets.xcassets in Resources */ = {isa = PBXBuildFile; fileRef = 89C4B7B8289CF234008AD4A6 /* Assets.xcassets */; };
		89C4B7BC289CF234008AD4A6 /* Preview Assets.xcassets in Resources */ = {isa = PBXBuildFile; fileRef = 89C4B7BB289CF234008AD4A6 /* Preview Assets.xcassets */; };
		89C4B7C5289CF32A008AD4A6 /* Theme.swift in Sources */ = {isa = PBXBuildFile; fileRef = 89C4B7C4289CF32A008AD4A6 /* Theme.swift */; };
		89C4B7CB289CF45C008AD4A6 /* Typography.swift in Sources */ = {isa = PBXBuildFile; fileRef = 89C4B7CA289CF45C008AD4A6 /* Typography.swift */; };
		89C4B7CD289CF628008AD4A6 /* Colors.swift in Sources */ = {isa = PBXBuildFile; fileRef = 89C4B7CC289CF628008AD4A6 /* Colors.swift */; };
		89C4B7CF289CFEB9008AD4A6 /* Icons.swift in Sources */ = {isa = PBXBuildFile; fileRef = 89C4B7CE289CFEB9008AD4A6 /* Icons.swift */; };
		89C4B7D1289CFFC4008AD4A6 /* Icons.xcassets in Resources */ = {isa = PBXBuildFile; fileRef = 89C4B7D0289CFFC4008AD4A6 /* Icons.xcassets */; };
		89C4B7D3289D0758008AD4A6 /* PickerWheel.swift in Sources */ = {isa = PBXBuildFile; fileRef = 89C4B7D2289D0758008AD4A6 /* PickerWheel.swift */; };
		89C4B7D5289D0FBE008AD4A6 /* ButtonStyles.swift in Sources */ = {isa = PBXBuildFile; fileRef = 89C4B7D4289D0FBE008AD4A6 /* ButtonStyles.swift */; };
		89C4B7D7289D1A49008AD4A6 /* SegmentPicker.swift in Sources */ = {isa = PBXBuildFile; fileRef = 89C4B7D6289D1A49008AD4A6 /* SegmentPicker.swift */; };
		89C4B7D9289D1F9B008AD4A6 /* Footer.swift in Sources */ = {isa = PBXBuildFile; fileRef = 89C4B7D8289D1F9B008AD4A6 /* Footer.swift */; };
		89C4B7DB289D23F2008AD4A6 /* FooterFilled.swift in Sources */ = {isa = PBXBuildFile; fileRef = 89C4B7DA289D23F2008AD4A6 /* FooterFilled.swift */; };
		89C4B7DD289D263A008AD4A6 /* WeightedLinear.swift in Sources */ = {isa = PBXBuildFile; fileRef = 89C4B7DC289D263A008AD4A6 /* WeightedLinear.swift */; };
		89C4B7DF289D2734008AD4A6 /* NavigationBarModifier.swift in Sources */ = {isa = PBXBuildFile; fileRef = 89C4B7DE289D2734008AD4A6 /* NavigationBarModifier.swift */; };
		89C4B7E1289D2BEB008AD4A6 /* FormField.swift in Sources */ = {isa = PBXBuildFile; fileRef = 89C4B7E0289D2BEB008AD4A6 /* FormField.swift */; };
		89C4B7E3289D3673008AD4A6 /* PickerField.swift in Sources */ = {isa = PBXBuildFile; fileRef = 89C4B7E2289D3673008AD4A6 /* PickerField.swift */; };
		89C4B7E5289D45E3008AD4A6 /* SecureFormField.swift in Sources */ = {isa = PBXBuildFile; fileRef = 89C4B7E4289D45E3008AD4A6 /* SecureFormField.swift */; };
		89C4B7E7289D4ACC008AD4A6 /* PincodeField.swift in Sources */ = {isa = PBXBuildFile; fileRef = 89C4B7E6289D4ACC008AD4A6 /* PincodeField.swift */; };
		89C4B7E9289D5732008AD4A6 /* LoadingOverlay.swift in Sources */ = {isa = PBXBuildFile; fileRef = 89C4B7E8289D5732008AD4A6 /* LoadingOverlay.swift */; };
		89C4B7EB289D595D008AD4A6 /* PartialSheet.swift in Sources */ = {isa = PBXBuildFile; fileRef = 89C4B7EA289D595D008AD4A6 /* PartialSheet.swift */; };
/* End PBXBuildFile section */

/* Begin PBXFileReference section */
		89A83F92289E683F00624100 /* RootNavigationView.swift */ = {isa = PBXFileReference; lastKnownFileType = sourcecode.swift; path = RootNavigationView.swift; sourceTree = "<group>"; };
		89A83F95289E6DE100624100 /* HomeView.swift */ = {isa = PBXFileReference; lastKnownFileType = sourcecode.swift; path = HomeView.swift; sourceTree = "<group>"; };
		89A83F98289E6E1D00624100 /* LocationSelectView.swift */ = {isa = PBXFileReference; lastKnownFileType = sourcecode.swift; path = LocationSelectView.swift; sourceTree = "<group>"; };
		89A83F9C289E6F3900624100 /* SplashView.swift */ = {isa = PBXFileReference; lastKnownFileType = sourcecode.swift; path = SplashView.swift; sourceTree = "<group>"; };
		89A83F9E289E753D00624100 /* AppDelegate.swift */ = {isa = PBXFileReference; lastKnownFileType = sourcecode.swift; path = AppDelegate.swift; sourceTree = "<group>"; };
		89C4B7B1289CF233008AD4A6 /* FoodApp.app */ = {isa = PBXFileReference; explicitFileType = wrapper.application; includeInIndex = 0; path = FoodApp.app; sourceTree = BUILT_PRODUCTS_DIR; };
		89C4B7B4289CF233008AD4A6 /* FoodAppApp.swift */ = {isa = PBXFileReference; lastKnownFileType = sourcecode.swift; path = FoodAppApp.swift; sourceTree = "<group>"; };
		89C4B7B6289CF233008AD4A6 /* ContentView.swift */ = {isa = PBXFileReference; lastKnownFileType = sourcecode.swift; path = ContentView.swift; sourceTree = "<group>"; };
		89C4B7B8289CF234008AD4A6 /* Assets.xcassets */ = {isa = PBXFileReference; lastKnownFileType = folder.assetcatalog; path = Assets.xcassets; sourceTree = "<group>"; };
		89C4B7BB289CF234008AD4A6 /* Preview Assets.xcassets */ = {isa = PBXFileReference; lastKnownFileType = folder.assetcatalog; path = "Preview Assets.xcassets"; sourceTree = "<group>"; };
		89C4B7C4289CF32A008AD4A6 /* Theme.swift */ = {isa = PBXFileReference; lastKnownFileType = sourcecode.swift; path = Theme.swift; sourceTree = "<group>"; };
		89C4B7CA289CF45C008AD4A6 /* Typography.swift */ = {isa = PBXFileReference; lastKnownFileType = sourcecode.swift; path = Typography.swift; sourceTree = "<group>"; };
		89C4B7CC289CF628008AD4A6 /* Colors.swift */ = {isa = PBXFileReference; lastKnownFileType = sourcecode.swift; path = Colors.swift; sourceTree = "<group>"; };
		89C4B7CE289CFEB9008AD4A6 /* Icons.swift */ = {isa = PBXFileReference; lastKnownFileType = sourcecode.swift; path = Icons.swift; sourceTree = "<group>"; };
		89C4B7D0289CFFC4008AD4A6 /* Icons.xcassets */ = {isa = PBXFileReference; lastKnownFileType = folder.assetcatalog; path = Icons.xcassets; sourceTree = "<group>"; };
		89C4B7D2289D0758008AD4A6 /* PickerWheel.swift */ = {isa = PBXFileReference; lastKnownFileType = sourcecode.swift; path = PickerWheel.swift; sourceTree = "<group>"; };
		89C4B7D4289D0FBE008AD4A6 /* ButtonStyles.swift */ = {isa = PBXFileReference; lastKnownFileType = sourcecode.swift; path = ButtonStyles.swift; sourceTree = "<group>"; };
		89C4B7D6289D1A49008AD4A6 /* SegmentPicker.swift */ = {isa = PBXFileReference; lastKnownFileType = sourcecode.swift; path = SegmentPicker.swift; sourceTree = "<group>"; };
		89C4B7D8289D1F9B008AD4A6 /* Footer.swift */ = {isa = PBXFileReference; lastKnownFileType = sourcecode.swift; path = Footer.swift; sourceTree = "<group>"; };
		89C4B7DA289D23F2008AD4A6 /* FooterFilled.swift */ = {isa = PBXFileReference; lastKnownFileType = sourcecode.swift; path = FooterFilled.swift; sourceTree = "<group>"; };
		89C4B7DC289D263A008AD4A6 /* WeightedLinear.swift */ = {isa = PBXFileReference; lastKnownFileType = sourcecode.swift; path = WeightedLinear.swift; sourceTree = "<group>"; };
		89C4B7DE289D2734008AD4A6 /* NavigationBarModifier.swift */ = {isa = PBXFileReference; lastKnownFileType = sourcecode.swift; path = NavigationBarModifier.swift; sourceTree = "<group>"; };
		89C4B7E0289D2BEB008AD4A6 /* FormField.swift */ = {isa = PBXFileReference; lastKnownFileType = sourcecode.swift; path = FormField.swift; sourceTree = "<group>"; };
		89C4B7E2289D3673008AD4A6 /* PickerField.swift */ = {isa = PBXFileReference; lastKnownFileType = sourcecode.swift; path = PickerField.swift; sourceTree = "<group>"; };
		89C4B7E4289D45E3008AD4A6 /* SecureFormField.swift */ = {isa = PBXFileReference; lastKnownFileType = sourcecode.swift; path = SecureFormField.swift; sourceTree = "<group>"; };
		89C4B7E6289D4ACC008AD4A6 /* PincodeField.swift */ = {isa = PBXFileReference; lastKnownFileType = sourcecode.swift; path = PincodeField.swift; sourceTree = "<group>"; };
		89C4B7E8289D5732008AD4A6 /* LoadingOverlay.swift */ = {isa = PBXFileReference; lastKnownFileType = sourcecode.swift; path = LoadingOverlay.swift; sourceTree = "<group>"; };
		89C4B7EA289D595D008AD4A6 /* PartialSheet.swift */ = {isa = PBXFileReference; lastKnownFileType = sourcecode.swift; path = PartialSheet.swift; sourceTree = "<group>"; };
/* End PBXFileReference section */

/* Begin PBXFrameworksBuildPhase section */
		89C4B7AE289CF233008AD4A6 /* Frameworks */ = {
			isa = PBXFrameworksBuildPhase;
			buildActionMask = 2147483647;
			files = (
			);
			runOnlyForDeploymentPostprocessing = 0;
		};
/* End PBXFrameworksBuildPhase section */

/* Begin PBXGroup section */
		89A83F94289E6DCF00624100 /* Home */ = {
			isa = PBXGroup;
			children = (
				89A83F95289E6DE100624100 /* HomeView.swift */,
			);
			name = Home;
			sourceTree = "<group>";
		};
		89A83F97289E6E0A00624100 /* LocationSelect */ = {
			isa = PBXGroup;
			children = (
				89A83F98289E6E1D00624100 /* LocationSelectView.swift */,
			);
			name = LocationSelect;
			sourceTree = "<group>";
		};
		89A83F9A289E6EC900624100 /* System */ = {
			isa = PBXGroup;
			children = (
				89C4B7B4289CF233008AD4A6 /* FoodAppApp.swift */,
				89C4B7B6289CF233008AD4A6 /* ContentView.swift */,
				89A83F9E289E753D00624100 /* AppDelegate.swift */,
			);
			name = System;
			sourceTree = "<group>";
		};
		89A83F9B289E6F2B00624100 /* Splash */ = {
			isa = PBXGroup;
			children = (
				89A83F9C289E6F3900624100 /* SplashView.swift */,
			);
			name = Splash;
			sourceTree = "<group>";
		};
		89C4B7A8289CF233008AD4A6 = {
			isa = PBXGroup;
			children = (
				89C4B7C3289CF2AE008AD4A6 /* Client */,
				89C4B7C2289CF28F008AD4A6 /* UI */,
				89C4B7B3289CF233008AD4A6 /* FoodApp */,
				89C4B7B2289CF233008AD4A6 /* Products */,
			);
			sourceTree = "<group>";
		};
		89C4B7B2289CF233008AD4A6 /* Products */ = {
			isa = PBXGroup;
			children = (
				89C4B7B1289CF233008AD4A6 /* FoodApp.app */,
			);
			name = Products;
			sourceTree = "<group>";
		};
		89C4B7B3289CF233008AD4A6 /* FoodApp */ = {
			isa = PBXGroup;
			children = (
				89C4B7B8289CF234008AD4A6 /* Assets.xcassets */,
				89C4B7BA289CF234008AD4A6 /* Preview Content */,
			);
			path = FoodApp;
			sourceTree = "<group>";
		};
		89C4B7BA289CF234008AD4A6 /* Preview Content */ = {
			isa = PBXGroup;
			children = (
				89C4B7BB289CF234008AD4A6 /* Preview Assets.xcassets */,
			);
			path = "Preview Content";
			sourceTree = "<group>";
		};
		89C4B7C2289CF28F008AD4A6 /* UI */ = {
			isa = PBXGroup;
			children = (
				89C4B7C9289CF42E008AD4A6 /* Resources */,
				89C4B7C8289CF423008AD4A6 /* Molecules */,
				89C4B7C7289CF41B008AD4A6 /* Atoms */,
				89C4B7C6289CF412008AD4A6 /* Tokens */,
				89C4B7C4289CF32A008AD4A6 /* Theme.swift */,
			);
			path = UI;
			sourceTree = "<group>";
		};
		89C4B7C3289CF2AE008AD4A6 /* Client */ = {
			isa = PBXGroup;
			children = (
				89A83F9B289E6F2B00624100 /* Splash */,
				89A83F9A289E6EC900624100 /* System */,
				89A83F97289E6E0A00624100 /* LocationSelect */,
				89A83F94289E6DCF00624100 /* Home */,
				89A83F92289E683F00624100 /* RootNavigationView.swift */,
			);
			name = Client;
			sourceTree = "<group>";
		};
		89C4B7C6289CF412008AD4A6 /* Tokens */ = {
			isa = PBXGroup;
			children = (
				89C4B7CA289CF45C008AD4A6 /* Typography.swift */,
				89C4B7CC289CF628008AD4A6 /* Colors.swift */,
				89C4B7CE289CFEB9008AD4A6 /* Icons.swift */,
				89C4B7D0289CFFC4008AD4A6 /* Icons.xcassets */,
			);
			path = Tokens;
			sourceTree = "<group>";
		};
		89C4B7C7289CF41B008AD4A6 /* Atoms */ = {
			isa = PBXGroup;
			children = (
				89C4B7D2289D0758008AD4A6 /* PickerWheel.swift */,
				89C4B7D4289D0FBE008AD4A6 /* ButtonStyles.swift */,
				89C4B7D6289D1A49008AD4A6 /* SegmentPicker.swift */,
				89C4B7D8289D1F9B008AD4A6 /* Footer.swift */,
				89C4B7DA289D23F2008AD4A6 /* FooterFilled.swift */,
				89C4B7DC289D263A008AD4A6 /* WeightedLinear.swift */,
				89C4B7DE289D2734008AD4A6 /* NavigationBarModifier.swift */,
			);
			path = Atoms;
			sourceTree = "<group>";
		};
		89C4B7C8289CF423008AD4A6 /* Molecules */ = {
			isa = PBXGroup;
			children = (
				89C4B7E0289D2BEB008AD4A6 /* FormField.swift */,
				89C4B7E2289D3673008AD4A6 /* PickerField.swift */,
				89C4B7E4289D45E3008AD4A6 /* SecureFormField.swift */,
				89C4B7E6289D4ACC008AD4A6 /* PincodeField.swift */,
				89C4B7E8289D5732008AD4A6 /* LoadingOverlay.swift */,
				89C4B7EA289D595D008AD4A6 /* PartialSheet.swift */,
			);
			path = Molecules;
			sourceTree = "<group>";
		};
		89C4B7C9289CF42E008AD4A6 /* Resources */ = {
			isa = PBXGroup;
			children = (
			);
			path = Resources;
			sourceTree = "<group>";
		};
/* End PBXGroup section */

/* Begin PBXNativeTarget section */
		89C4B7B0289CF233008AD4A6 /* FoodApp */ = {
			isa = PBXNativeTarget;
			buildConfigurationList = 89C4B7BF289CF234008AD4A6 /* Build configuration list for PBXNativeTarget "FoodApp" */;
			buildPhases = (
				89C4B7AD289CF233008AD4A6 /* Sources */,
				89C4B7AE289CF233008AD4A6 /* Frameworks */,
				89C4B7AF289CF233008AD4A6 /* Resources */,
			);
			buildRules = (
			);
			dependencies = (
			);
			name = FoodApp;
			productName = FoodApp;
			productReference = 89C4B7B1289CF233008AD4A6 /* FoodApp.app */;
			productType = "com.apple.product-type.application";
		};
/* End PBXNativeTarget section */

/* Begin PBXProject section */
		89C4B7A9289CF233008AD4A6 /* Project object */ = {
			isa = PBXProject;
			attributes = {
				BuildIndependentTargetsInParallel = 1;
				LastSwiftUpdateCheck = 1320;
				LastUpgradeCheck = 1320;
				TargetAttributes = {
					89C4B7B0289CF233008AD4A6 = {
						CreatedOnToolsVersion = 13.2.1;
					};
				};
			};
			buildConfigurationList = 89C4B7AC289CF233008AD4A6 /* Build configuration list for PBXProject "FoodApp" */;
			compatibilityVersion = "Xcode 13.0";
			developmentRegion = en;
			hasScannedForEncodings = 0;
			knownRegions = (
				en,
				Base,
			);
			mainGroup = 89C4B7A8289CF233008AD4A6;
			productRefGroup = 89C4B7B2289CF233008AD4A6 /* Products */;
			projectDirPath = "";
			projectRoot = "";
			targets = (
				89C4B7B0289CF233008AD4A6 /* FoodApp */,
			);
		};
/* End PBXProject section */

/* Begin PBXResourcesBuildPhase section */
		89C4B7AF289CF233008AD4A6 /* Resources */ = {
			isa = PBXResourcesBuildPhase;
			buildActionMask = 2147483647;
			files = (
				89C4B7BC289CF234008AD4A6 /* Preview Assets.xcassets in Resources */,
				89C4B7D1289CFFC4008AD4A6 /* Icons.xcassets in Resources */,
				89C4B7B9289CF234008AD4A6 /* Assets.xcassets in Resources */,
			);
			runOnlyForDeploymentPostprocessing = 0;
		};
/* End PBXResourcesBuildPhase section */

/* Begin PBXSourcesBuildPhase section */
		89C4B7AD289CF233008AD4A6 /* Sources */ = {
			isa = PBXSourcesBuildPhase;
			buildActionMask = 2147483647;
			files = (
				89A83F9F289E753D00624100 /* AppDelegate.swift in Sources */,
				89C4B7E1289D2BEB008AD4A6 /* FormField.swift in Sources */,
				89C4B7C5289CF32A008AD4A6 /* Theme.swift in Sources */,
				89C4B7CD289CF628008AD4A6 /* Colors.swift in Sources */,
				89A83F99289E6E1D00624100 /* LocationSelectView.swift in Sources */,
				89C4B7D7289D1A49008AD4A6 /* SegmentPicker.swift in Sources */,
				89C4B7D3289D0758008AD4A6 /* PickerWheel.swift in Sources */,
				89C4B7D9289D1F9B008AD4A6 /* Footer.swift in Sources */,
				89C4B7E3289D3673008AD4A6 /* PickerField.swift in Sources */,
				89C4B7E7289D4ACC008AD4A6 /* PincodeField.swift in Sources */,
				89C4B7CF289CFEB9008AD4A6 /* Icons.swift in Sources */,
				89C4B7B7289CF233008AD4A6 /* ContentView.swift in Sources */,
				89C4B7DD289D263A008AD4A6 /* WeightedLinear.swift in Sources */,
				89C4B7D5289D0FBE008AD4A6 /* ButtonStyles.swift in Sources */,
				89C4B7CB289CF45C008AD4A6 /* Typography.swift in Sources */,
				89C4B7DB289D23F2008AD4A6 /* FooterFilled.swift in Sources */,
				89A83F93289E683F00624100 /* RootNavigationView.swift in Sources */,
				89A83F96289E6DE100624100 /* HomeView.swift in Sources */,
				89A83F9D289E6F3900624100 /* SplashView.swift in Sources */,
				89C4B7B5289CF233008AD4A6 /* FoodAppApp.swift in Sources */,
				89C4B7DF289D2734008AD4A6 /* NavigationBarModifier.swift in Sources */,
				89C4B7E5289D45E3008AD4A6 /* SecureFormField.swift in Sources */,
				89C4B7EB289D595D008AD4A6 /* PartialSheet.swift in Sources */,
				89C4B7E9289D5732008AD4A6 /* LoadingOverlay.swift in Sources */,
			);
			runOnlyForDeploymentPostprocessing = 0;
		};
/* End PBXSourcesBuildPhase section */

/* Begin XCBuildConfiguration section */
		89C4B7BD289CF234008AD4A6 /* Debug */ = {
			isa = XCBuildConfiguration;
			buildSettings = {
				ALWAYS_SEARCH_USER_PATHS = NO;
				CLANG_ANALYZER_NONNULL = YES;
				CLANG_ANALYZER_NUMBER_OBJECT_CONVERSION = YES_AGGRESSIVE;
				CLANG_CXX_LANGUAGE_STANDARD = "gnu++17";
				CLANG_CXX_LIBRARY = "libc++";
				CLANG_ENABLE_MODULES = YES;
				CLANG_ENABLE_OBJC_ARC = YES;
				CLANG_ENABLE_OBJC_WEAK = YES;
				CLANG_WARN_BLOCK_CAPTURE_AUTORELEASING = YES;
				CLANG_WARN_BOOL_CONVERSION = YES;
				CLANG_WARN_COMMA = YES;
				CLANG_WARN_CONSTANT_CONVERSION = YES;
				CLANG_WARN_DEPRECATED_OBJC_IMPLEMENTATIONS = YES;
				CLANG_WARN_DIRECT_OBJC_ISA_USAGE = YES_ERROR;
				CLANG_WARN_DOCUMENTATION_COMMENTS = YES;
				CLANG_WARN_EMPTY_BODY = YES;
				CLANG_WARN_ENUM_CONVERSION = YES;
				CLANG_WARN_INFINITE_RECURSION = YES;
				CLANG_WARN_INT_CONVERSION = YES;
				CLANG_WARN_NON_LITERAL_NULL_CONVERSION = YES;
				CLANG_WARN_OBJC_IMPLICIT_RETAIN_SELF = YES;
				CLANG_WARN_OBJC_LITERAL_CONVERSION = YES;
				CLANG_WARN_OBJC_ROOT_CLASS = YES_ERROR;
				CLANG_WARN_QUOTED_INCLUDE_IN_FRAMEWORK_HEADER = YES;
				CLANG_WARN_RANGE_LOOP_ANALYSIS = YES;
				CLANG_WARN_STRICT_PROTOTYPES = YES;
				CLANG_WARN_SUSPICIOUS_MOVE = YES;
				CLANG_WARN_UNGUARDED_AVAILABILITY = YES_AGGRESSIVE;
				CLANG_WARN_UNREACHABLE_CODE = YES;
				CLANG_WARN__DUPLICATE_METHOD_MATCH = YES;
				COPY_PHASE_STRIP = NO;
				DEBUG_INFORMATION_FORMAT = dwarf;
				ENABLE_STRICT_OBJC_MSGSEND = YES;
				ENABLE_TESTABILITY = YES;
				GCC_C_LANGUAGE_STANDARD = gnu11;
				GCC_DYNAMIC_NO_PIC = NO;
				GCC_NO_COMMON_BLOCKS = YES;
				GCC_OPTIMIZATION_LEVEL = 0;
				GCC_PREPROCESSOR_DEFINITIONS = (
					"DEBUG=1",
					"$(inherited)",
				);
				GCC_WARN_64_TO_32_BIT_CONVERSION = YES;
				GCC_WARN_ABOUT_RETURN_TYPE = YES_ERROR;
				GCC_WARN_UNDECLARED_SELECTOR = YES;
				GCC_WARN_UNINITIALIZED_AUTOS = YES_AGGRESSIVE;
				GCC_WARN_UNUSED_FUNCTION = YES;
				GCC_WARN_UNUSED_VARIABLE = YES;
				IPHONEOS_DEPLOYMENT_TARGET = 15.2;
				MTL_ENABLE_DEBUG_INFO = INCLUDE_SOURCE;
				MTL_FAST_MATH = YES;
				ONLY_ACTIVE_ARCH = YES;
				SDKROOT = iphoneos;
				SWIFT_ACTIVE_COMPILATION_CONDITIONS = DEBUG;
				SWIFT_OPTIMIZATION_LEVEL = "-Onone";
			};
			name = Debug;
		};
		89C4B7BE289CF234008AD4A6 /* Release */ = {
			isa = XCBuildConfiguration;
			buildSettings = {
				ALWAYS_SEARCH_USER_PATHS = NO;
				CLANG_ANALYZER_NONNULL = YES;
				CLANG_ANALYZER_NUMBER_OBJECT_CONVERSION = YES_AGGRESSIVE;
				CLANG_CXX_LANGUAGE_STANDARD = "gnu++17";
				CLANG_CXX_LIBRARY = "libc++";
				CLANG_ENABLE_MODULES = YES;
				CLANG_ENABLE_OBJC_ARC = YES;
				CLANG_ENABLE_OBJC_WEAK = YES;
				CLANG_WARN_BLOCK_CAPTURE_AUTORELEASING = YES;
				CLANG_WARN_BOOL_CONVERSION = YES;
				CLANG_WARN_COMMA = YES;
				CLANG_WARN_CONSTANT_CONVERSION = YES;
				CLANG_WARN_DEPRECATED_OBJC_IMPLEMENTATIONS = YES;
				CLANG_WARN_DIRECT_OBJC_ISA_USAGE = YES_ERROR;
				CLANG_WARN_DOCUMENTATION_COMMENTS = YES;
				CLANG_WARN_EMPTY_BODY = YES;
				CLANG_WARN_ENUM_CONVERSION = YES;
				CLANG_WARN_INFINITE_RECURSION = YES;
				CLANG_WARN_INT_CONVERSION = YES;
				CLANG_WARN_NON_LITERAL_NULL_CONVERSION = YES;
				CLANG_WARN_OBJC_IMPLICIT_RETAIN_SELF = YES;
				CLANG_WARN_OBJC_LITERAL_CONVERSION = YES;
				CLANG_WARN_OBJC_ROOT_CLASS = YES_ERROR;
				CLANG_WARN_QUOTED_INCLUDE_IN_FRAMEWORK_HEADER = YES;
				CLANG_WARN_RANGE_LOOP_ANALYSIS = YES;
				CLANG_WARN_STRICT_PROTOTYPES = YES;
				CLANG_WARN_SUSPICIOUS_MOVE = YES;
				CLANG_WARN_UNGUARDED_AVAILABILITY = YES_AGGRESSIVE;
				CLANG_WARN_UNREACHABLE_CODE = YES;
				CLANG_WARN__DUPLICATE_METHOD_MATCH = YES;
				COPY_PHASE_STRIP = NO;
				DEBUG_INFORMATION_FORMAT = "dwarf-with-dsym";
				ENABLE_NS_ASSERTIONS = NO;
				ENABLE_STRICT_OBJC_MSGSEND = YES;
				GCC_C_LANGUAGE_STANDARD = gnu11;
				GCC_NO_COMMON_BLOCKS = YES;
				GCC_WARN_64_TO_32_BIT_CONVERSION = YES;
				GCC_WARN_ABOUT_RETURN_TYPE = YES_ERROR;
				GCC_WARN_UNDECLARED_SELECTOR = YES;
				GCC_WARN_UNINITIALIZED_AUTOS = YES_AGGRESSIVE;
				GCC_WARN_UNUSED_FUNCTION = YES;
				GCC_WARN_UNUSED_VARIABLE = YES;
				IPHONEOS_DEPLOYMENT_TARGET = 15.2;
				MTL_ENABLE_DEBUG_INFO = NO;
				MTL_FAST_MATH = YES;
				SDKROOT = iphoneos;
				SWIFT_COMPILATION_MODE = wholemodule;
				SWIFT_OPTIMIZATION_LEVEL = "-O";
				VALIDATE_PRODUCT = YES;
			};
			name = Release;
		};
		89C4B7C0289CF234008AD4A6 /* Debug */ = {
			isa = XCBuildConfiguration;
			buildSettings = {
				ASSETCATALOG_COMPILER_APPICON_NAME = AppIcon;
				ASSETCATALOG_COMPILER_GLOBAL_ACCENT_COLOR_NAME = AccentColor;
				CODE_SIGN_STYLE = Automatic;
				CURRENT_PROJECT_VERSION = 1;
				DEVELOPMENT_ASSET_PATHS = "\"FoodApp/Preview Content\"";
				ENABLE_PREVIEWS = YES;
				GENERATE_INFOPLIST_FILE = YES;
				INFOPLIST_KEY_UIApplicationSceneManifest_Generation = YES;
				INFOPLIST_KEY_UIApplicationSupportsIndirectInputEvents = YES;
				INFOPLIST_KEY_UILaunchScreen_Generation = YES;
				INFOPLIST_KEY_UISupportedInterfaceOrientations_iPad = "UIInterfaceOrientationPortrait UIInterfaceOrientationPortraitUpsideDown UIInterfaceOrientationLandscapeLeft UIInterfaceOrientationLandscapeRight";
				INFOPLIST_KEY_UISupportedInterfaceOrientations_iPhone = "UIInterfaceOrientationPortrait UIInterfaceOrientationLandscapeLeft UIInterfaceOrientationLandscapeRight";
				LD_RUNPATH_SEARCH_PATHS = (
					"$(inherited)",
					"@executable_path/Frameworks",
				);
				MARKETING_VERSION = 1.0;
				PRODUCT_BUNDLE_IDENTIFIER = mbayi.FoodApp;
				PRODUCT_NAME = "$(TARGET_NAME)";
				SWIFT_EMIT_LOC_STRINGS = YES;
				SWIFT_VERSION = 5.0;
				TARGETED_DEVICE_FAMILY = "1,2";
			};
			name = Debug;
		};
		89C4B7C1289CF234008AD4A6 /* Release */ = {
			isa = XCBuildConfiguration;
			buildSettings = {
				ASSETCATALOG_COMPILER_APPICON_NAME = AppIcon;
				ASSETCATALOG_COMPILER_GLOBAL_ACCENT_COLOR_NAME = AccentColor;
				CODE_SIGN_STYLE = Automatic;
				CURRENT_PROJECT_VERSION = 1;
				DEVELOPMENT_ASSET_PATHS = "\"FoodApp/Preview Content\"";
				ENABLE_PREVIEWS = YES;
				GENERATE_INFOPLIST_FILE = YES;
				INFOPLIST_KEY_UIApplicationSceneManifest_Generation = YES;
				INFOPLIST_KEY_UIApplicationSupportsIndirectInputEvents = YES;
				INFOPLIST_KEY_UILaunchScreen_Generation = YES;
				INFOPLIST_KEY_UISupportedInterfaceOrientations_iPad = "UIInterfaceOrientationPortrait UIInterfaceOrientationPortraitUpsideDown UIInterfaceOrientationLandscapeLeft UIInterfaceOrientationLandscapeRight";
				INFOPLIST_KEY_UISupportedInterfaceOrientations_iPhone = "UIInterfaceOrientationPortrait UIInterfaceOrientationLandscapeLeft UIInterfaceOrientationLandscapeRight";
				LD_RUNPATH_SEARCH_PATHS = (
					"$(inherited)",
					"@executable_path/Frameworks",
				);
				MARKETING_VERSION = 1.0;
				PRODUCT_BUNDLE_IDENTIFIER = mbayi.FoodApp;
				PRODUCT_NAME = "$(TARGET_NAME)";
				SWIFT_EMIT_LOC_STRINGS = YES;
				SWIFT_VERSION = 5.0;
				TARGETED_DEVICE_FAMILY = "1,2";
			};
			name = Release;
		};
/* End XCBuildConfiguration section */

/* Begin XCConfigurationList section */
		89C4B7AC289CF233008AD4A6 /* Build configuration list for PBXProject "FoodApp" */ = {
			isa = XCConfigurationList;
			buildConfigurations = (
				89C4B7BD289CF234008AD4A6 /* Debug */,
				89C4B7BE289CF234008AD4A6 /* Release */,
			);
			defaultConfigurationIsVisible = 0;
			defaultConfigurationName = Release;
		};
		89C4B7BF289CF234008AD4A6 /* Build configuration list for PBXNativeTarget "FoodApp" */ = {
			isa = XCConfigurationList;
			buildConfigurations = (
				89C4B7C0289CF234008AD4A6 /* Debug */,
				89C4B7C1289CF234008AD4A6 /* Release */,
			);
			defaultConfigurationIsVisible = 0;
			defaultConfigurationName = Release;
		};
/* End XCConfigurationList section */
	};
	rootObject = 89C4B7A9289CF233008AD4A6 /* Project object */;
}
